
Microsoft Visual Studio Solution File, Format Version 12.00
# Visual Studio 2013
VisualStudioVersion = 12.0.40629.0
MinimumVisualStudioVersion = 10.0.40219.1
Project("{F2A71F9B-5D33-465A-A702-920D77279786}") = "PotterKata1", "PotterKata1\PotterKata1.fsproj", "{A05FF6A8-4D26-4AFE-B6DF-1B035B14ABA0}"
EndProject
Global
	GlobalSection(SolutionConfigurationPlatforms) = preSolution
		Debug|Any CPU = Debug|Any CPU
		Release|Any CPU = Release|Any CPU
	EndGlobalSection
	GlobalSection(ProjectConfigurationPlatforms) = postSolution
		{A05FF6A8-4D26-4AFE-B6DF-1B035B14ABA0}.Debug|Any CPU.ActiveCfg = Debug|Any CPU
		{A05FF6A8-4D26-4AFE-B6DF-1B035B14ABA0}.Debug|Any CPU.Build.0 = Debug|Any CPU
		{A05FF6A8-4D26-4AFE-B6DF-1B035B14ABA0}.Release|Any CPU.ActiveCfg = Release|Any CPU
		{A05FF6A8-4D26-4AFE-B6DF-1B035B14ABA0}.Release|Any CPU.Build.0 = Release|Any CPU
	EndGlobalSection
	GlobalSection(SolutionProperties) = preSolution
		HideSolutionNode = FALSE
	EndGlobalSection
EndGlobal
